// !$*UTF8*$!
{
	archiveVersion = 1;
	classes = {
	};
	objectVersion = 46;
	objects = {

/* Begin PBXBuildFile section */
		F51DA75B1F1771AD008EBBAB /* main.swift in Sources */ = {isa = PBXBuildFile; fileRef = F51DA75A1F1771AD008EBBAB /* main.swift */; };
		F51DA7651F17D7A3008EBBAB /* Card.swift in Sources */ = {isa = PBXBuildFile; fileRef = F51DA7611F17D7A3008EBBAB /* Card.swift */; };
		F51DA7661F17D7A3008EBBAB /* Color.swift in Sources */ = {isa = PBXBuildFile; fileRef = F51DA7621F17D7A3008EBBAB /* Color.swift */; };
		F51DA7671F17D7A3008EBBAB /* Deck.swift in Sources */ = {isa = PBXBuildFile; fileRef = F51DA7631F17D7A3008EBBAB /* Deck.swift */; };
		F51DA7681F17D7A3008EBBAB /* Value.swift in Sources */ = {isa = PBXBuildFile; fileRef = F51DA7641F17D7A3008EBBAB /* Value.swift */; };
/* End PBXBuildFile section */

/* Begin PBXCopyFilesBuildPhase section */
		F51DA7551F1771AD008EBBAB /* CopyFiles */ = {
			isa = PBXCopyFilesBuildPhase;
			buildActionMask = 2147483647;
			dstPath = /usr/share/man/man1/;
			dstSubfolderSpec = 0;
			files = (
			);
			runOnlyForDeploymentPostprocessing = 1;
		};
/* End PBXCopyFilesBuildPhase section */

/* Begin PBXFileReference section */
		F51DA7571F1771AD008EBBAB /* ex03 */ = {isa = PBXFileReference; explicitFileType = "compiled.mach-o.executable"; includeInIndex = 0; path = ex03; sourceTree = BUILT_PRODUCTS_DIR; };
		F51DA75A1F1771AD008EBBAB /* main.swift */ = {isa = PBXFileReference; lastKnownFileType = sourcecode.swift; path = main.swift; sourceTree = "<group>"; };
		F51DA7611F17D7A3008EBBAB /* Card.swift */ = {isa = PBXFileReference; fileEncoding = 4; lastKnownFileType = sourcecode.swift; path = Card.swift; sourceTree = "<group>"; };
		F51DA7621F17D7A3008EBBAB /* Color.swift */ = {isa = PBXFileReference; fileEncoding = 4; lastKnownFileType = sourcecode.swift; path = Color.swift; sourceTree = "<group>"; };
		F51DA7631F17D7A3008EBBAB /* Deck.swift */ = {isa = PBXFileReference; fileEncoding = 4; lastKnownFileType = sourcecode.swift; path = Deck.swift; sourceTree = "<group>"; };
		F51DA7641F17D7A3008EBBAB /* Value.swift */ = {isa = PBXFileReference; fileEncoding = 4; lastKnownFileType = sourcecode.swift; path = Value.swift; sourceTree = "<group>"; };
/* End PBXFileReference section */

/* Begin PBXFrameworksBuildPhase section */
		F51DA7541F1771AD008EBBAB /* Frameworks */ = {
			isa = PBXFrameworksBuildPhase;
			buildActionMask = 2147483647;
			files = (
			);
			runOnlyForDeploymentPostprocessing = 0;
		};
/* End PBXFrameworksBuildPhase section */

/* Begin PBXGroup section */
		F51DA74E1F1771AD008EBBAB = {
			isa = PBXGroup;
			children = (
				F51DA7591F1771AD008EBBAB /* ex03 */,
				F51DA7581F1771AD008EBBAB /* Products */,
			);
			sourceTree = "<group>";
		};
		F51DA7581F1771AD008EBBAB /* Products */ = {
			isa = PBXGroup;
			children = (
				F51DA7571F1771AD008EBBAB /* ex03 */,
			);
			name = Products;
			sourceTree = "<group>";
		};
		F51DA7591F1771AD008EBBAB /* ex03 */ = {
			isa = PBXGroup;
			children = (
				F51DA7611F17D7A3008EBBAB /* Card.swift */,
				F51DA7621F17D7A3008EBBAB /* Color.swift */,
				F51DA7631F17D7A3008EBBAB /* Deck.swift */,
				F51DA7641F17D7A3008EBBAB /* Value.swift */,
				F51DA75A1F1771AD008EBBAB /* main.swift */,
			);
			path = ex03;
			sourceTree = "<group>";
		};
/* End PBXGroup section */

/* Begin PBXNativeTarget section */
		F51DA7561F1771AD008EBBAB /* ex03 */ = {
			isa = PBXNativeTarget;
			buildConfigurationList = F51DA75E1F1771AD008EBBAB /* Build configuration list for PBXNativeTarget "ex03" */;
			buildPhases = (
				F51DA7531F1771AD008EBBAB /* Sources */,
				F51DA7541F1771AD008EBBAB /* Frameworks */,
				F51DA7551F1771AD008EBBAB /* CopyFiles */,
			);
			buildRules = (
			);
			dependencies = (
			);
			name = ex03;
			productName = ex03;
			productReference = F51DA7571F1771AD008EBBAB /* ex03 */;
			productType = "com.apple.product-type.tool";
		};
/* End PBXNativeTarget section */

/* Begin PBXProject section */
		F51DA74F1F1771AD008EBBAB /* Project object */ = {
			isa = PBXProject;
			attributes = {
				LastSwiftUpdateCheck = 0830;
				LastUpgradeCheck = 0830;
				ORGANIZATIONNAME = Vlad;
				TargetAttributes = {
					F51DA7561F1771AD008EBBAB = {
						CreatedOnToolsVersion = 8.3.3;
						DevelopmentTeam = G4YMEN2973;
						ProvisioningStyle = Automatic;
					};
				};
			};
			buildConfigurationList = F51DA7521F1771AD008EBBAB /* Build configuration list for PBXProject "ex03" */;
			compatibilityVersion = "Xcode 3.2";
			developmentRegion = English;
			hasScannedForEncodings = 0;
			knownRegions = (
				en,
			);
			mainGroup = F51DA74E1F1771AD008EBBAB;
			productRefGroup = F51DA7581F1771AD008EBBAB /* Products */;
			projectDirPath = "";
			projectRoot = "";
			targets = (
				F51DA7561F1771AD008EBBAB /* ex03 */,
			);
		};
/* End PBXProject section */

/* Begin PBXSourcesBuildPhase section */
		F51DA7531F1771AD008EBBAB /* Sources */ = {
			isa = PBXSourcesBuildPhase;
			buildActionMask = 2147483647;
			files = (
				F51DA7671F17D7A3008EBBAB /* Deck.swift in Sources */,
				F51DA75B1F1771AD008EBBAB /* main.swift in Sources */,
				F51DA7681F17D7A3008EBBAB /* Value.swift in Sources */,
				F51DA7651F17D7A3008EBBAB /* Card.swift in Sources */,
				F51DA7661F17D7A3008EBBAB /* Color.swift in Sources */,
			);
			runOnlyForDeploymentPostprocessing = 0;
		};
/* End PBXSourcesBuildPhase section */

/* Begin XCBuildConfiguration section */
		F51DA75C1F1771AD008EBBAB /* Debug */ = {
			isa = XCBuildConfiguration;
			buildSettings = {
				ALWAYS_SEARCH_USER_PATHS = NO;
				CLANG_ANALYZER_NONNULL = YES;
				CLANG_ANALYZER_NUMBER_OBJECT_CONVERSION = YES_AGGRESSIVE;
				CLANG_CXX_LANGUAGE_STANDARD = "gnu++0x";
				CLANG_CXX_LIBRARY = "libc++";
				CLANG_ENABLE_MODULES = YES;
				CLANG_ENABLE_OBJC_ARC = YES;
				CLANG_WARN_BOOL_CONVERSION = YES;
				CLANG_WARN_CONSTANT_CONVERSION = YES;
				CLANG_WARN_DIRECT_OBJC_ISA_USAGE = YES_ERROR;
				CLANG_WARN_DOCUMENTATION_COMMENTS = YES;
				CLANG_WARN_EMPTY_BODY = YES;
				CLANG_WARN_ENUM_CONVERSION = YES;
				CLANG_WARN_INFINITE_RECURSION = YES;
				CLANG_WARN_INT_CONVERSION = YES;
				CLANG_WARN_OBJC_ROOT_CLASS = YES_ERROR;
				CLANG_WARN_SUSPICIOUS_MOVE = YES;
				CLANG_WARN_UNREACHABLE_CODE = YES;
				CLANG_WARN__DUPLICATE_METHOD_MATCH = YES;
				CODE_SIGN_IDENTITY = "-";
				COPY_PHASE_STRIP = NO;
				DEBUG_INFORMATION_FORMAT = dwarf;
				ENABLE_STRICT_OBJC_MSGSEND = YES;
				ENABLE_TESTABILITY = YES;
				GCC_C_LANGUAGE_STANDARD = gnu99;
				GCC_DYNAMIC_NO_PIC = NO;
				GCC_NO_COMMON_BLOCKS = YES;
				GCC_OPTIMIZATION_LEVEL = 0;
				GCC_PREPROCESSOR_DEFINITIONS = (
					"DEBUG=1",
					"$(inherited)",
				);
				GCC_WARN_64_TO_32_BIT_CONVERSION = YES;
				GCC_WARN_ABOUT_RETURN_TYPE = YES_ERROR;
				GCC_WARN_UNDECLARED_SELECTOR = YES;
				GCC_WARN_UNINITIALIZED_AUTOS = YES_AGGRESSIVE;
				GCC_WARN_UNUSED_FUNCTION = YES;
				GCC_WARN_UNUSED_VARIABLE = YES;
				MACOSX_DEPLOYMENT_TARGET = 10.12;
				MTL_ENABLE_DEBUG_INFO = YES;
				ONLY_ACTIVE_ARCH = YES;
				SDKROOT = macosx;
				SWIFT_OPTIMIZATION_LEVEL = "-Onone";
			};
			name = Debug;
		};
		F51DA75D1F1771AD008EBBAB /* Release */ = {
			isa = XCBuildConfiguration;
			buildSettings = {
				ALWAYS_SEARCH_USER_PATHS = NO;
				CLANG_ANALYZER_NONNULL = YES;
				CLANG_ANALYZER_NUMBER_OBJECT_CONVERSION = YES_AGGRESSIVE;
				CLANG_CXX_LANGUAGE_STANDARD = "gnu++0x";
				CLANG_CXX_LIBRARY = "libc++";
				CLANG_ENABLE_MODULES = YES;
				CLANG_ENABLE_OBJC_ARC = YES;
				CLANG_WARN_BOOL_CONVERSION = YES;
				CLANG_WARN_CONSTANT_CONVERSION = YES;
				CLANG_WARN_DIRECT_OBJC_ISA_USAGE = YES_ERROR;
				CLANG_WARN_DOCUMENTATION_COMMENTS = YES;
				CLANG_WARN_EMPTY_BODY = YES;
				CLANG_WARN_ENUM_CONVERSION = YES;
				CLANG_WARN_INFINITE_RECURSION = YES;
				CLANG_WARN_INT_CONVERSION = YES;
				CLANG_WARN_OBJC_ROOT_CLASS = YES_ERROR;
				CLANG_WARN_SUSPICIOUS_MOVE = YES;
				CLANG_WARN_UNREACHABLE_CODE = YES;
				CLANG_WARN__DUPLICATE_METHOD_MATCH = YES;
				CODE_SIGN_IDENTITY = "-";
				COPY_PHASE_STRIP = NO;
				DEBUG_INFORMATION_FORMAT = "dwarf-with-dsym";
				ENABLE_NS_ASSERTIONS = NO;
				ENABLE_STRICT_OBJC_MSGSEND = YES;
				GCC_C_LANGUAGE_STANDARD = gnu99;
				GCC_NO_COMMON_BLOCKS = YES;
				GCC_WARN_64_TO_32_BIT_CONVERSION = YES;
				GCC_WARN_ABOUT_RETURN_TYPE = YES_ERROR;
				GCC_WARN_UNDECLARED_SELECTOR = YES;
				GCC_WARN_UNINITIALIZED_AUTOS = YES_AGGRESSIVE;
				GCC_WARN_UNUSED_FUNCTION = YES;
				GCC_WARN_UNUSED_VARIABLE = YES;
				MACOSX_DEPLOYMENT_TARGET = 10.12;
				MTL_ENABLE_DEBUG_INFO = NO;
				SDKROOT = macosx;
			};
			name = Release;
		};
		F51DA75F1F1771AD008EBBAB /* Debug */ = {
			isa = XCBuildConfiguration;
			buildSettings = {
				DEVELOPMENT_TEAM = G4YMEN2973;
				PRODUCT_NAME = "$(TARGET_NAME)";
				SWIFT_VERSION = 3.0;
			};
			name = Debug;
		};
		F51DA7601F1771AD008EBBAB /* Release */ = {
			isa = XCBuildConfiguration;
			buildSettings = {
				DEVELOPMENT_TEAM = G4YMEN2973;
				PRODUCT_NAME = "$(TARGET_NAME)";
				SWIFT_VERSION = 3.0;
			};
			name = Release;
		};
/* End XCBuildConfiguration section */

/* Begin XCConfigurationList section */
		F51DA7521F1771AD008EBBAB /* Build configuration list for PBXProject "ex03" */ = {
			isa = XCConfigurationList;
			buildConfigurations = (
				F51DA75C1F1771AD008EBBAB /* Debug */,
				F51DA75D1F1771AD008EBBAB /* Release */,
			);
			defaultConfigurationIsVisible = 0;
			defaultConfigurationName = Release;
		};
		F51DA75E1F1771AD008EBBAB /* Build configuration list for PBXNativeTarget "ex03" */ = {
			isa = XCConfigurationList;
			buildConfigurations = (
				F51DA75F1F1771AD008EBBAB /* Debug */,
				F51DA7601F1771AD008EBBAB /* Release */,
			);
			defaultConfigurationIsVisible = 0;
		};
/* End XCConfigurationList section */
	};
	rootObject = F51DA74F1F1771AD008EBBAB /* Project object */;
}
