// !$*UTF8*$!
{
	archiveVersion = 1;
	classes = {
	};
	objectVersion = 48;
	objects = {

/* Begin PBXBuildFile section */
		1570ADA11E78DC3473745D0E /* Pods_d07.framework in Frameworks */ = {isa = PBXBuildFile; fileRef = 74EC4D282E0882E6CF2EEC67 /* Pods_d07.framework */; };
		F5B5F52F1F9A992200044D34 /* AppDelegate.swift in Sources */ = {isa = PBXBuildFile; fileRef = F5B5F52E1F9A992200044D34 /* AppDelegate.swift */; };
		F5B5F5311F9A992200044D34 /* ViewController.swift in Sources */ = {isa = PBXBuildFile; fileRef = F5B5F5301F9A992200044D34 /* ViewController.swift */; };
		F5B5F5341F9A992200044D34 /* Main.storyboard in Resources */ = {isa = PBXBuildFile; fileRef = F5B5F5321F9A992200044D34 /* Main.storyboard */; };
		F5B5F5361F9A992200044D34 /* Assets.xcassets in Resources */ = {isa = PBXBuildFile; fileRef = F5B5F5351F9A992200044D34 /* Assets.xcassets */; };
		F5B5F5391F9A992200044D34 /* LaunchScreen.storyboard in Resources */ = {isa = PBXBuildFile; fileRef = F5B5F5371F9A992200044D34 /* LaunchScreen.storyboard */; };
/* End PBXBuildFile section */

/* Begin PBXFileReference section */
		74EC4D282E0882E6CF2EEC67 /* Pods_d07.framework */ = {isa = PBXFileReference; explicitFileType = wrapper.framework; includeInIndex = 0; path = Pods_d07.framework; sourceTree = BUILT_PRODUCTS_DIR; };
		A5AA72CBADC866BC1898E8EC /* Pods-d07.release.xcconfig */ = {isa = PBXFileReference; includeInIndex = 1; lastKnownFileType = text.xcconfig; name = "Pods-d07.release.xcconfig"; path = "Pods/Target Support Files/Pods-d07/Pods-d07.release.xcconfig"; sourceTree = "<group>"; };
		DFAA17949DD3335E9AA49FF6 /* Pods-d07.debug.xcconfig */ = {isa = PBXFileReference; includeInIndex = 1; lastKnownFileType = text.xcconfig; name = "Pods-d07.debug.xcconfig"; path = "Pods/Target Support Files/Pods-d07/Pods-d07.debug.xcconfig"; sourceTree = "<group>"; };
		F5B5F52B1F9A992200044D34 /* d07.app */ = {isa = PBXFileReference; explicitFileType = wrapper.application; includeInIndex = 0; path = d07.app; sourceTree = BUILT_PRODUCTS_DIR; };
		F5B5F52E1F9A992200044D34 /* AppDelegate.swift */ = {isa = PBXFileReference; lastKnownFileType = sourcecode.swift; path = AppDelegate.swift; sourceTree = "<group>"; };
		F5B5F5301F9A992200044D34 /* ViewController.swift */ = {isa = PBXFileReference; lastKnownFileType = sourcecode.swift; path = ViewController.swift; sourceTree = "<group>"; };
		F5B5F5331F9A992200044D34 /* Base */ = {isa = PBXFileReference; lastKnownFileType = file.storyboard; name = Base; path = Base.lproj/Main.storyboard; sourceTree = "<group>"; };
		F5B5F5351F9A992200044D34 /* Assets.xcassets */ = {isa = PBXFileReference; lastKnownFileType = folder.assetcatalog; path = Assets.xcassets; sourceTree = "<group>"; };
		F5B5F5381F9A992200044D34 /* Base */ = {isa = PBXFileReference; lastKnownFileType = file.storyboard; name = Base; path = Base.lproj/LaunchScreen.storyboard; sourceTree = "<group>"; };
		F5B5F53A1F9A992200044D34 /* Info.plist */ = {isa = PBXFileReference; lastKnownFileType = text.plist.xml; path = Info.plist; sourceTree = "<group>"; };
/* End PBXFileReference section */

/* Begin PBXFrameworksBuildPhase section */
		F5B5F5281F9A992200044D34 /* Frameworks */ = {
			isa = PBXFrameworksBuildPhase;
			buildActionMask = 2147483647;
			files = (
				1570ADA11E78DC3473745D0E /* Pods_d07.framework in Frameworks */,
			);
			runOnlyForDeploymentPostprocessing = 0;
		};
/* End PBXFrameworksBuildPhase section */

/* Begin PBXGroup section */
		2C5E8DCEDEE8B29CFD1C127E /* Frameworks */ = {
			isa = PBXGroup;
			children = (
				74EC4D282E0882E6CF2EEC67 /* Pods_d07.framework */,
			);
			name = Frameworks;
			sourceTree = "<group>";
		};
		65A2BDABFB02AAD220FB71B8 /* Pods */ = {
			isa = PBXGroup;
			children = (
				DFAA17949DD3335E9AA49FF6 /* Pods-d07.debug.xcconfig */,
				A5AA72CBADC866BC1898E8EC /* Pods-d07.release.xcconfig */,
			);
			name = Pods;
			sourceTree = "<group>";
		};
		F5B5F5221F9A992200044D34 = {
			isa = PBXGroup;
			children = (
				F5B5F52D1F9A992200044D34 /* d07 */,
				F5B5F52C1F9A992200044D34 /* Products */,
				65A2BDABFB02AAD220FB71B8 /* Pods */,
				2C5E8DCEDEE8B29CFD1C127E /* Frameworks */,
			);
			sourceTree = "<group>";
		};
		F5B5F52C1F9A992200044D34 /* Products */ = {
			isa = PBXGroup;
			children = (
				F5B5F52B1F9A992200044D34 /* d07.app */,
			);
			name = Products;
			sourceTree = "<group>";
		};
		F5B5F52D1F9A992200044D34 /* d07 */ = {
			isa = PBXGroup;
			children = (
				F5B5F52E1F9A992200044D34 /* AppDelegate.swift */,
				F5B5F5301F9A992200044D34 /* ViewController.swift */,
				F5B5F5321F9A992200044D34 /* Main.storyboard */,
				F5B5F5351F9A992200044D34 /* Assets.xcassets */,
				F5B5F5371F9A992200044D34 /* LaunchScreen.storyboard */,
				F5B5F53A1F9A992200044D34 /* Info.plist */,
			);
			path = d07;
			sourceTree = "<group>";
		};
/* End PBXGroup section */

/* Begin PBXNativeTarget section */
		F5B5F52A1F9A992200044D34 /* d07 */ = {
			isa = PBXNativeTarget;
			buildConfigurationList = F5B5F53D1F9A992200044D34 /* Build configuration list for PBXNativeTarget "d07" */;
			buildPhases = (
				6E5D43B8636921A60E062BD3 /* [CP] Check Pods Manifest.lock */,
				F5B5F5271F9A992200044D34 /* Sources */,
				F5B5F5281F9A992200044D34 /* Frameworks */,
				F5B5F5291F9A992200044D34 /* Resources */,
				61C0A45880A55A8920CDF47F /* [CP] Embed Pods Frameworks */,
				B233F46A6DC54181183742A6 /* [CP] Copy Pods Resources */,
			);
			buildRules = (
			);
			dependencies = (
			);
			name = d07;
			productName = d07;
			productReference = F5B5F52B1F9A992200044D34 /* d07.app */;
			productType = "com.apple.product-type.application";
		};
/* End PBXNativeTarget section */

/* Begin PBXProject section */
		F5B5F5231F9A992200044D34 /* Project object */ = {
			isa = PBXProject;
			attributes = {
				LastSwiftUpdateCheck = 0900;
				LastUpgradeCheck = 0900;
				ORGANIZATIONNAME = "Vladyslav Tymchenko";
				TargetAttributes = {
					F5B5F52A1F9A992200044D34 = {
						CreatedOnToolsVersion = 9.0.1;
						ProvisioningStyle = Automatic;
					};
				};
			};
			buildConfigurationList = F5B5F5261F9A992200044D34 /* Build configuration list for PBXProject "d07" */;
			compatibilityVersion = "Xcode 8.0";
			developmentRegion = en;
			hasScannedForEncodings = 0;
			knownRegions = (
				en,
				Base,
			);
			mainGroup = F5B5F5221F9A992200044D34;
			productRefGroup = F5B5F52C1F9A992200044D34 /* Products */;
			projectDirPath = "";
			projectRoot = "";
			targets = (
				F5B5F52A1F9A992200044D34 /* d07 */,
			);
		};
/* End PBXProject section */

/* Begin PBXResourcesBuildPhase section */
		F5B5F5291F9A992200044D34 /* Resources */ = {
			isa = PBXResourcesBuildPhase;
			buildActionMask = 2147483647;
			files = (
				F5B5F5391F9A992200044D34 /* LaunchScreen.storyboard in Resources */,
				F5B5F5361F9A992200044D34 /* Assets.xcassets in Resources */,
				F5B5F5341F9A992200044D34 /* Main.storyboard in Resources */,
			);
			runOnlyForDeploymentPostprocessing = 0;
		};
/* End PBXResourcesBuildPhase section */

/* Begin PBXShellScriptBuildPhase section */
		61C0A45880A55A8920CDF47F /* [CP] Embed Pods Frameworks */ = {
			isa = PBXShellScriptBuildPhase;
			buildActionMask = 2147483647;
			files = (
			);
			inputPaths = (
				"${SRCROOT}/Pods/Target Support Files/Pods-d07/Pods-d07-frameworks.sh",
				"${BUILT_PRODUCTS_DIR}/Alamofire/Alamofire.framework",
				"${BUILT_PRODUCTS_DIR}/ForecastIO/ForecastIO.framework",
				"${BUILT_PRODUCTS_DIR}/ObjectMapper/ObjectMapper.framework",
				"${BUILT_PRODUCTS_DIR}/RecastAI/RecastAI.framework",
			);
			name = "[CP] Embed Pods Frameworks";
			outputPaths = (
				"${TARGET_BUILD_DIR}/${FRAMEWORKS_FOLDER_PATH}/Alamofire.framework",
				"${TARGET_BUILD_DIR}/${FRAMEWORKS_FOLDER_PATH}/ForecastIO.framework",
				"${TARGET_BUILD_DIR}/${FRAMEWORKS_FOLDER_PATH}/ObjectMapper.framework",
				"${TARGET_BUILD_DIR}/${FRAMEWORKS_FOLDER_PATH}/RecastAI.framework",
			);
			runOnlyForDeploymentPostprocessing = 0;
			shellPath = /bin/sh;
			shellScript = "\"${SRCROOT}/Pods/Target Support Files/Pods-d07/Pods-d07-frameworks.sh\"\n";
			showEnvVarsInLog = 0;
		};
		6E5D43B8636921A60E062BD3 /* [CP] Check Pods Manifest.lock */ = {
			isa = PBXShellScriptBuildPhase;
			buildActionMask = 2147483647;
			files = (
			);
			inputPaths = (
				"${PODS_PODFILE_DIR_PATH}/Podfile.lock",
				"${PODS_ROOT}/Manifest.lock",
			);
			name = "[CP] Check Pods Manifest.lock";
			outputPaths = (
				"$(DERIVED_FILE_DIR)/Pods-d07-checkManifestLockResult.txt",
			);
			runOnlyForDeploymentPostprocessing = 0;
			shellPath = /bin/sh;
			shellScript = "diff \"${PODS_PODFILE_DIR_PATH}/Podfile.lock\" \"${PODS_ROOT}/Manifest.lock\" > /dev/null\nif [ $? != 0 ] ; then\n    # print error to STDERR\n    echo \"error: The sandbox is not in sync with the Podfile.lock. Run 'pod install' or update your CocoaPods installation.\" >&2\n    exit 1\nfi\n# This output is used by Xcode 'outputs' to avoid re-running this script phase.\necho \"SUCCESS\" > \"${SCRIPT_OUTPUT_FILE_0}\"\n";
			showEnvVarsInLog = 0;
		};
		B233F46A6DC54181183742A6 /* [CP] Copy Pods Resources */ = {
			isa = PBXShellScriptBuildPhase;
			buildActionMask = 2147483647;
			files = (
			);
			inputPaths = (
			);
			name = "[CP] Copy Pods Resources";
			outputPaths = (
			);
			runOnlyForDeploymentPostprocessing = 0;
			shellPath = /bin/sh;
			shellScript = "\"${SRCROOT}/Pods/Target Support Files/Pods-d07/Pods-d07-resources.sh\"\n";
			showEnvVarsInLog = 0;
		};
/* End PBXShellScriptBuildPhase section */

/* Begin PBXSourcesBuildPhase section */
		F5B5F5271F9A992200044D34 /* Sources */ = {
			isa = PBXSourcesBuildPhase;
			buildActionMask = 2147483647;
			files = (
				F5B5F5311F9A992200044D34 /* ViewController.swift in Sources */,
				F5B5F52F1F9A992200044D34 /* AppDelegate.swift in Sources */,
			);
			runOnlyForDeploymentPostprocessing = 0;
		};
/* End PBXSourcesBuildPhase section */

/* Begin PBXVariantGroup section */
		F5B5F5321F9A992200044D34 /* Main.storyboard */ = {
			isa = PBXVariantGroup;
			children = (
				F5B5F5331F9A992200044D34 /* Base */,
			);
			name = Main.storyboard;
			sourceTree = "<group>";
		};
		F5B5F5371F9A992200044D34 /* LaunchScreen.storyboard */ = {
			isa = PBXVariantGroup;
			children = (
				F5B5F5381F9A992200044D34 /* Base */,
			);
			name = LaunchScreen.storyboard;
			sourceTree = "<group>";
		};
/* End PBXVariantGroup section */

/* Begin XCBuildConfiguration section */
		F5B5F53B1F9A992200044D34 /* Debug */ = {
			isa = XCBuildConfiguration;
			buildSettings = {
				ALWAYS_SEARCH_USER_PATHS = NO;
				CLANG_ANALYZER_NONNULL = YES;
				CLANG_ANALYZER_NUMBER_OBJECT_CONVERSION = YES_AGGRESSIVE;
				CLANG_CXX_LANGUAGE_STANDARD = "gnu++14";
				CLANG_CXX_LIBRARY = "libc++";
				CLANG_ENABLE_MODULES = YES;
				CLANG_ENABLE_OBJC_ARC = YES;
				CLANG_WARN_BLOCK_CAPTURE_AUTORELEASING = YES;
				CLANG_WARN_BOOL_CONVERSION = YES;
				CLANG_WARN_COMMA = YES;
				CLANG_WARN_CONSTANT_CONVERSION = YES;
				CLANG_WARN_DIRECT_OBJC_ISA_USAGE = YES_ERROR;
				CLANG_WARN_DOCUMENTATION_COMMENTS = YES;
				CLANG_WARN_EMPTY_BODY = YES;
				CLANG_WARN_ENUM_CONVERSION = YES;
				CLANG_WARN_INFINITE_RECURSION = YES;
				CLANG_WARN_INT_CONVERSION = YES;
				CLANG_WARN_NON_LITERAL_NULL_CONVERSION = YES;
				CLANG_WARN_OBJC_LITERAL_CONVERSION = YES;
				CLANG_WARN_OBJC_ROOT_CLASS = YES_ERROR;
				CLANG_WARN_RANGE_LOOP_ANALYSIS = YES;
				CLANG_WARN_STRICT_PROTOTYPES = YES;
				CLANG_WARN_SUSPICIOUS_MOVE = YES;
				CLANG_WARN_UNGUARDED_AVAILABILITY = YES_AGGRESSIVE;
				CLANG_WARN_UNREACHABLE_CODE = YES;
				CLANG_WARN__DUPLICATE_METHOD_MATCH = YES;
				CODE_SIGN_IDENTITY = "iPhone Developer";
				COPY_PHASE_STRIP = NO;
				DEBUG_INFORMATION_FORMAT = dwarf;
				ENABLE_STRICT_OBJC_MSGSEND = YES;
				ENABLE_TESTABILITY = YES;
				GCC_C_LANGUAGE_STANDARD = gnu11;
				GCC_DYNAMIC_NO_PIC = NO;
				GCC_NO_COMMON_BLOCKS = YES;
				GCC_OPTIMIZATION_LEVEL = 0;
				GCC_PREPROCESSOR_DEFINITIONS = (
					"DEBUG=1",
					"$(inherited)",
				);
				GCC_WARN_64_TO_32_BIT_CONVERSION = YES;
				GCC_WARN_ABOUT_RETURN_TYPE = YES_ERROR;
				GCC_WARN_UNDECLARED_SELECTOR = YES;
				GCC_WARN_UNINITIALIZED_AUTOS = YES_AGGRESSIVE;
				GCC_WARN_UNUSED_FUNCTION = YES;
				GCC_WARN_UNUSED_VARIABLE = YES;
				IPHONEOS_DEPLOYMENT_TARGET = 11.0;
				MTL_ENABLE_DEBUG_INFO = YES;
				ONLY_ACTIVE_ARCH = YES;
				SDKROOT = iphoneos;
				SWIFT_ACTIVE_COMPILATION_CONDITIONS = DEBUG;
				SWIFT_OPTIMIZATION_LEVEL = "-Onone";
			};
			name = Debug;
		};
		F5B5F53C1F9A992200044D34 /* Release */ = {
			isa = XCBuildConfiguration;
			buildSettings = {
				ALWAYS_SEARCH_USER_PATHS = NO;
				CLANG_ANALYZER_NONNULL = YES;
				CLANG_ANALYZER_NUMBER_OBJECT_CONVERSION = YES_AGGRESSIVE;
				CLANG_CXX_LANGUAGE_STANDARD = "gnu++14";
				CLANG_CXX_LIBRARY = "libc++";
				CLANG_ENABLE_MODULES = YES;
				CLANG_ENABLE_OBJC_ARC = YES;
				CLANG_WARN_BLOCK_CAPTURE_AUTORELEASING = YES;
				CLANG_WARN_BOOL_CONVERSION = YES;
				CLANG_WARN_COMMA = YES;
				CLANG_WARN_CONSTANT_CONVERSION = YES;
				CLANG_WARN_DIRECT_OBJC_ISA_USAGE = YES_ERROR;
				CLANG_WARN_DOCUMENTATION_COMMENTS = YES;
				CLANG_WARN_EMPTY_BODY = YES;
				CLANG_WARN_ENUM_CONVERSION = YES;
				CLANG_WARN_INFINITE_RECURSION = YES;
				CLANG_WARN_INT_CONVERSION = YES;
				CLANG_WARN_NON_LITERAL_NULL_CONVERSION = YES;
				CLANG_WARN_OBJC_LITERAL_CONVERSION = YES;
				CLANG_WARN_OBJC_ROOT_CLASS = YES_ERROR;
				CLANG_WARN_RANGE_LOOP_ANALYSIS = YES;
				CLANG_WARN_STRICT_PROTOTYPES = YES;
				CLANG_WARN_SUSPICIOUS_MOVE = YES;
				CLANG_WARN_UNGUARDED_AVAILABILITY = YES_AGGRESSIVE;
				CLANG_WARN_UNREACHABLE_CODE = YES;
				CLANG_WARN__DUPLICATE_METHOD_MATCH = YES;
				CODE_SIGN_IDENTITY = "iPhone Developer";
				COPY_PHASE_STRIP = NO;
				DEBUG_INFORMATION_FORMAT = "dwarf-with-dsym";
				ENABLE_NS_ASSERTIONS = NO;
				ENABLE_STRICT_OBJC_MSGSEND = YES;
				GCC_C_LANGUAGE_STANDARD = gnu11;
				GCC_NO_COMMON_BLOCKS = YES;
				GCC_WARN_64_TO_32_BIT_CONVERSION = YES;
				GCC_WARN_ABOUT_RETURN_TYPE = YES_ERROR;
				GCC_WARN_UNDECLARED_SELECTOR = YES;
				GCC_WARN_UNINITIALIZED_AUTOS = YES_AGGRESSIVE;
				GCC_WARN_UNUSED_FUNCTION = YES;
				GCC_WARN_UNUSED_VARIABLE = YES;
				IPHONEOS_DEPLOYMENT_TARGET = 11.0;
				MTL_ENABLE_DEBUG_INFO = NO;
				SDKROOT = iphoneos;
				SWIFT_OPTIMIZATION_LEVEL = "-Owholemodule";
				VALIDATE_PRODUCT = YES;
			};
			name = Release;
		};
		F5B5F53E1F9A992200044D34 /* Debug */ = {
			isa = XCBuildConfiguration;
			baseConfigurationReference = DFAA17949DD3335E9AA49FF6 /* Pods-d07.debug.xcconfig */;
			buildSettings = {
				ASSETCATALOG_COMPILER_APPICON_NAME = AppIcon;
				CODE_SIGN_STYLE = Automatic;
				DEVELOPMENT_TEAM = G4YMEN2973;
				INFOPLIST_FILE = d07/Info.plist;
				LD_RUNPATH_SEARCH_PATHS = "$(inherited) @executable_path/Frameworks";
				PRODUCT_BUNDLE_IDENTIFIER = com.d07;
				PRODUCT_NAME = "$(TARGET_NAME)";
				SWIFT_VERSION = 4.0;
				TARGETED_DEVICE_FAMILY = "1,2";
			};
			name = Debug;
		};
		F5B5F53F1F9A992200044D34 /* Release */ = {
			isa = XCBuildConfiguration;
			baseConfigurationReference = A5AA72CBADC866BC1898E8EC /* Pods-d07.release.xcconfig */;
			buildSettings = {
				ASSETCATALOG_COMPILER_APPICON_NAME = AppIcon;
				CODE_SIGN_STYLE = Automatic;
				DEVELOPMENT_TEAM = G4YMEN2973;
				INFOPLIST_FILE = d07/Info.plist;
				LD_RUNPATH_SEARCH_PATHS = "$(inherited) @executable_path/Frameworks";
				PRODUCT_BUNDLE_IDENTIFIER = com.d07;
				PRODUCT_NAME = "$(TARGET_NAME)";
				SWIFT_VERSION = 4.0;
				TARGETED_DEVICE_FAMILY = "1,2";
			};
			name = Release;
		};
/* End XCBuildConfiguration section */

/* Begin XCConfigurationList section */
		F5B5F5261F9A992200044D34 /* Build configuration list for PBXProject "d07" */ = {
			isa = XCConfigurationList;
			buildConfigurations = (
				F5B5F53B1F9A992200044D34 /* Debug */,
				F5B5F53C1F9A992200044D34 /* Release */,
			);
			defaultConfigurationIsVisible = 0;
			defaultConfigurationName = Release;
		};
		F5B5F53D1F9A992200044D34 /* Build configuration list for PBXNativeTarget "d07" */ = {
			isa = XCConfigurationList;
			buildConfigurations = (
				F5B5F53E1F9A992200044D34 /* Debug */,
				F5B5F53F1F9A992200044D34 /* Release */,
			);
			defaultConfigurationIsVisible = 0;
			defaultConfigurationName = Release;
		};
/* End XCConfigurationList section */
	};
	rootObject = F5B5F5231F9A992200044D34 /* Project object */;
}
